
Microsoft Visual Studio Solution File, Format Version 12.00
# Visual Studio 15
VisualStudioVersion = 15.0.27130.2027
MinimumVisualStudioVersion = 10.0.40219.1
Project("{9A19103F-16F7-4668-BE54-9A1E7A4F7556}") = "Menbook.Web", "Menbook.Web\Menbook.Web.csproj", "{1A312FE7-56E9-49D2-85D1-F4C017181708}"
EndProject
Project("{9A19103F-16F7-4668-BE54-9A1E7A4F7556}") = "Menbook.Data", "Menbook.Data\Menbook.Data.csproj", "{049F2533-8C6D-40F0-96F9-F3B3E02484A1}"
EndProject
Project("{9A19103F-16F7-4668-BE54-9A1E7A4F7556}") = "Menbook.Services", "Menbook.Services\Menbook.Services.csproj", "{9445170D-0B5C-427A-97F6-515CB18FD3CE}"
EndProject
Project("{9A19103F-16F7-4668-BE54-9A1E7A4F7556}") = "Menbook.Common", "Menbook.Common\Menbook.Common.csproj", "{1F26F49C-18C7-4476-A706-D4AF55BDF4E5}"
EndProject
Project("{FAE04EC0-301F-11D3-BF4B-00C04F79EFBC}") = "Menbook.Test", "Menbook.Test\Menbook.Test.csproj", "{6288D176-4F89-41B8-B554-F627C8FC741D}"
EndProject
Global
	GlobalSection(SolutionConfigurationPlatforms) = preSolution
		Debug|Any CPU = Debug|Any CPU
		Release|Any CPU = Release|Any CPU
	EndGlobalSection
	GlobalSection(ProjectConfigurationPlatforms) = postSolution
		{1A312FE7-56E9-49D2-85D1-F4C017181708}.Debug|Any CPU.ActiveCfg = Debug|Any CPU
		{1A312FE7-56E9-49D2-85D1-F4C017181708}.Debug|Any CPU.Build.0 = Debug|Any CPU
		{1A312FE7-56E9-49D2-85D1-F4C017181708}.Release|Any CPU.ActiveCfg = Release|Any CPU
		{1A312FE7-56E9-49D2-85D1-F4C017181708}.Release|Any CPU.Build.0 = Release|Any CPU
		{049F2533-8C6D-40F0-96F9-F3B3E02484A1}.Debug|Any CPU.ActiveCfg = Debug|Any CPU
		{049F2533-8C6D-40F0-96F9-F3B3E02484A1}.Debug|Any CPU.Build.0 = Debug|Any CPU
		{049F2533-8C6D-40F0-96F9-F3B3E02484A1}.Release|Any CPU.ActiveCfg = Release|Any CPU
		{049F2533-8C6D-40F0-96F9-F3B3E02484A1}.Release|Any CPU.Build.0 = Release|Any CPU
		{9445170D-0B5C-427A-97F6-515CB18FD3CE}.Debug|Any CPU.ActiveCfg = Debug|Any CPU
		{9445170D-0B5C-427A-97F6-515CB18FD3CE}.Debug|Any CPU.Build.0 = Debug|Any CPU
		{9445170D-0B5C-427A-97F6-515CB18FD3CE}.Release|Any CPU.ActiveCfg = Release|Any CPU
		{9445170D-0B5C-427A-97F6-515CB18FD3CE}.Release|Any CPU.Build.0 = Release|Any CPU
		{1F26F49C-18C7-4476-A706-D4AF55BDF4E5}.Debug|Any CPU.ActiveCfg = Debug|Any CPU
		{1F26F49C-18C7-4476-A706-D4AF55BDF4E5}.Debug|Any CPU.Build.0 = Debug|Any CPU
		{1F26F49C-18C7-4476-A706-D4AF55BDF4E5}.Release|Any CPU.ActiveCfg = Release|Any CPU
		{1F26F49C-18C7-4476-A706-D4AF55BDF4E5}.Release|Any CPU.Build.0 = Release|Any CPU
		{6288D176-4F89-41B8-B554-F627C8FC741D}.Debug|Any CPU.ActiveCfg = Debug|Any CPU
		{6288D176-4F89-41B8-B554-F627C8FC741D}.Debug|Any CPU.Build.0 = Debug|Any CPU
		{6288D176-4F89-41B8-B554-F627C8FC741D}.Release|Any CPU.ActiveCfg = Release|Any CPU
		{6288D176-4F89-41B8-B554-F627C8FC741D}.Release|Any CPU.Build.0 = Release|Any CPU
	EndGlobalSection
	GlobalSection(SolutionProperties) = preSolution
		HideSolutionNode = FALSE
	EndGlobalSection
	GlobalSection(ExtensibilityGlobals) = postSolution
		SolutionGuid = {D6DC4478-527D-4096-AE0C-AB897460A6BA}
	EndGlobalSection
EndGlobal
